
Microsoft Visual Studio Solution File, Format Version 12.00
# Visual Studio Express 2012 for Windows Desktop
Project("{FAE04EC0-301F-11D3-BF4B-00C04F79EFBC}") = "S_E_319", "S_E_319\S_E_319.csproj", "{4C970142-0693-41DF-B9C4-5F56760C95FB}"
EndProject
Global
	GlobalSection(SolutionConfigurationPlatforms) = preSolution
		Debug|Any CPU = Debug|Any CPU
		Release|Any CPU = Release|Any CPU
	EndGlobalSection
	GlobalSection(ProjectConfigurationPlatforms) = postSolution
		{4C970142-0693-41DF-B9C4-5F56760C95FB}.Debug|Any CPU.ActiveCfg = Debug|Any CPU
		{4C970142-0693-41DF-B9C4-5F56760C95FB}.Debug|Any CPU.Build.0 = Debug|Any CPU
		{4C970142-0693-41DF-B9C4-5F56760C95FB}.Release|Any CPU.ActiveCfg = Release|Any CPU
		{4C970142-0693-41DF-B9C4-5F56760C95FB}.Release|Any CPU.Build.0 = Release|Any CPU
	EndGlobalSection
	GlobalSection(SolutionProperties) = preSolution
		HideSolutionNode = FALSE
	EndGlobalSection
EndGlobal
